<?xml version="1.0" encoding="utf-8"?>
<Project ToolsVersion="4.0" xmlns="http://schemas.microsoft.com/developer/msbuild/2003">
  <ItemGroup>
    <ClCompile Include="Main.cpp" />
  </ItemGroup>
  <ItemGroup>
    <ClInclude Include="Fibonacci.h" />
    <ClInclude Include="IF.h" />
    <ClInclude Include="DO.h" />
    <ClInclude Include="Configurations.h" />
    <ClInclude Include="Counter.h" />
    <ClInclude Include="Values.h" />
    <ClInclude Include="BoundedCounter.h" />
  </ItemGroup>
</Project>